
Microsoft Visual Studio Solution File, Format Version 12.00
# Visual Studio 15
VisualStudioVersion = 15.0.27130.2027
MinimumVisualStudioVersion = 10.0.40219.1
Project("{2150E333-8FDC-42A3-9474-1A3956D46DE8}") = "Solution Items", "Solution Items", "{28F1F051-9F03-4A78-938A-19D7DC831B01}"
EndProject
Project("{FAE04EC0-301F-11D3-BF4B-00C04F79EFBC}") = "RCS.DIS.Services", "RCS.DIS.Services\RCS.DIS.Services.csproj", "{E86B6C09-53AE-4903-AA90-B31427ECE09E}"
EndProject
Project("{FAE04EC0-301F-11D3-BF4B-00C04F79EFBC}") = "RCS.DIS.ServicesTests", "RCS.DIS.ServicesTests\RCS.DIS.ServicesTests.csproj", "{1F2E1510-B6D9-4AEF-8880-3FA97D937566}"
EndProject
Global
	GlobalSection(SolutionConfigurationPlatforms) = preSolution
		Debug|Any CPU = Debug|Any CPU
		Release|Any CPU = Release|Any CPU
	EndGlobalSection
	GlobalSection(ProjectConfigurationPlatforms) = postSolution
		{E86B6C09-53AE-4903-AA90-B31427ECE09E}.Debug|Any CPU.ActiveCfg = Debug|Any CPU
		{E86B6C09-53AE-4903-AA90-B31427ECE09E}.Debug|Any CPU.Build.0 = Debug|Any CPU
		{E86B6C09-53AE-4903-AA90-B31427ECE09E}.Release|Any CPU.ActiveCfg = Release|Any CPU
		{E86B6C09-53AE-4903-AA90-B31427ECE09E}.Release|Any CPU.Build.0 = Release|Any CPU
		{1F2E1510-B6D9-4AEF-8880-3FA97D937566}.Debug|Any CPU.ActiveCfg = Debug|Any CPU
		{1F2E1510-B6D9-4AEF-8880-3FA97D937566}.Debug|Any CPU.Build.0 = Debug|Any CPU
		{1F2E1510-B6D9-4AEF-8880-3FA97D937566}.Release|Any CPU.ActiveCfg = Release|Any CPU
		{1F2E1510-B6D9-4AEF-8880-3FA97D937566}.Release|Any CPU.Build.0 = Release|Any CPU
	EndGlobalSection
	GlobalSection(SolutionProperties) = preSolution
		HideSolutionNode = FALSE
	EndGlobalSection
	GlobalSection(ExtensibilityGlobals) = postSolution
		SolutionGuid = {AA7DBED7-3310-4918-BBE0-34C8853E2668}
	EndGlobalSection
EndGlobal
